
Microsoft Visual Studio Solution File, Format Version 12.00
# Visual Studio Version 17
VisualStudioVersion = 17.0.31903.59
MinimumVisualStudioVersion = 10.0.40219.1
Project("{FAE04EC0-301F-11D3-BF4B-00C04F79EFBC}") = "AdventOfCode2021", "AdventOfCode2021\AdventOfCode2021.csproj", "{22FA33DA-F638-41D9-8FB9-D122C26619F4}"
EndProject
Global
	GlobalSection(SolutionConfigurationPlatforms) = preSolution
		Debug|Any CPU = Debug|Any CPU
		Release|Any CPU = Release|Any CPU
	EndGlobalSection
	GlobalSection(ProjectConfigurationPlatforms) = postSolution
		{22FA33DA-F638-41D9-8FB9-D122C26619F4}.Debug|Any CPU.ActiveCfg = Debug|Any CPU
		{22FA33DA-F638-41D9-8FB9-D122C26619F4}.Debug|Any CPU.Build.0 = Debug|Any CPU
		{22FA33DA-F638-41D9-8FB9-D122C26619F4}.Release|Any CPU.ActiveCfg = Release|Any CPU
		{22FA33DA-F638-41D9-8FB9-D122C26619F4}.Release|Any CPU.Build.0 = Release|Any CPU
	EndGlobalSection
	GlobalSection(SolutionProperties) = preSolution
		HideSolutionNode = FALSE
	EndGlobalSection
	GlobalSection(ExtensibilityGlobals) = postSolution
		SolutionGuid = {8DE27FFD-6DBC-4FCC-8C70-BE1E871A1088}
	EndGlobalSection
EndGlobal
